
Microsoft Visual Studio Solution File, Format Version 12.00
# Visual Studio Version 17
VisualStudioVersion = 17.13.35818.85
MinimumVisualStudioVersion = 10.0.40219.1
Project("{54A90642-561A-4BB1-A94E-469ADEE60C69}") = "Angular2Demo", "Angular2Demo\Angular2Demo.esproj", "{AD8239ED-E7BE-6B4D-FB3C-0DF6B59B2AA5}"
EndProject
Project("{FAE04EC0-301F-11D3-BF4B-00C04F79EFBC}") = "EmployeeWebAPIService", "EmployeeWebAPIService\EmployeeWebAPIService.csproj", "{0B039FC9-5C70-4FB7-81BE-4DD7592A28FD}"
EndProject
Global
	GlobalSection(SolutionConfigurationPlatforms) = preSolution
		Debug|Any CPU = Debug|Any CPU
		Release|Any CPU = Release|Any CPU
	EndGlobalSection
	GlobalSection(ProjectConfigurationPlatforms) = postSolution
		{AD8239ED-E7BE-6B4D-FB3C-0DF6B59B2AA5}.Debug|Any CPU.ActiveCfg = Debug|Any CPU
		{AD8239ED-E7BE-6B4D-FB3C-0DF6B59B2AA5}.Debug|Any CPU.Build.0 = Debug|Any CPU
		{AD8239ED-E7BE-6B4D-FB3C-0DF6B59B2AA5}.Debug|Any CPU.Deploy.0 = Debug|Any CPU
		{AD8239ED-E7BE-6B4D-FB3C-0DF6B59B2AA5}.Release|Any CPU.ActiveCfg = Release|Any CPU
		{AD8239ED-E7BE-6B4D-FB3C-0DF6B59B2AA5}.Release|Any CPU.Build.0 = Release|Any CPU
		{AD8239ED-E7BE-6B4D-FB3C-0DF6B59B2AA5}.Release|Any CPU.Deploy.0 = Release|Any CPU
		{0B039FC9-5C70-4FB7-81BE-4DD7592A28FD}.Debug|Any CPU.ActiveCfg = Debug|Any CPU
		{0B039FC9-5C70-4FB7-81BE-4DD7592A28FD}.Debug|Any CPU.Build.0 = Debug|Any CPU
		{0B039FC9-5C70-4FB7-81BE-4DD7592A28FD}.Release|Any CPU.ActiveCfg = Release|Any CPU
		{0B039FC9-5C70-4FB7-81BE-4DD7592A28FD}.Release|Any CPU.Build.0 = Release|Any CPU
	EndGlobalSection
	GlobalSection(SolutionProperties) = preSolution
		HideSolutionNode = FALSE
	EndGlobalSection
	GlobalSection(ExtensibilityGlobals) = postSolution
		SolutionGuid = {FB8D1D20-74DB-4A8F-817F-D7C7AF0A3E03}
	EndGlobalSection
EndGlobal
